
Microsoft Visual Studio Solution File, Format Version 12.00
# Visual Studio Version 17
VisualStudioVersion = 17.0.31903.59
MinimumVisualStudioVersion = 10.0.40219.1
Project("{FAE04EC0-301F-11D3-BF4B-00C04F79EFBC}") = "Snake", "Snake.csproj", "{23F4A782-2637-4533-A9DB-119A1A70F2A0}"
EndProject
Global
	GlobalSection(SolutionConfigurationPlatforms) = preSolution
		Debug|Any CPU = Debug|Any CPU
		Release|Any CPU = Release|Any CPU
	EndGlobalSection
	GlobalSection(ProjectConfigurationPlatforms) = postSolution
		{23F4A782-2637-4533-A9DB-119A1A70F2A0}.Debug|Any CPU.ActiveCfg = Debug|Any CPU
		{23F4A782-2637-4533-A9DB-119A1A70F2A0}.Debug|Any CPU.Build.0 = Debug|Any CPU
		{23F4A782-2637-4533-A9DB-119A1A70F2A0}.Release|Any CPU.ActiveCfg = Release|Any CPU
		{23F4A782-2637-4533-A9DB-119A1A70F2A0}.Release|Any CPU.Build.0 = Release|Any CPU
	EndGlobalSection
	GlobalSection(SolutionProperties) = preSolution
		HideSolutionNode = FALSE
	EndGlobalSection
	GlobalSection(ExtensibilityGlobals) = postSolution
		SolutionGuid = {6923BA69-6DCA-4DBA-AB68-7F840B2DF488}
	EndGlobalSection
EndGlobal
